
Microsoft Visual Studio Solution File, Format Version 12.00
# Visual Studio 15
VisualStudioVersion = 15.0.28307.329
MinimumVisualStudioVersion = 10.0.40219.1
Project("{FAE04EC0-301F-11D3-BF4B-00C04F79EFBC}") = "ProProkat", "ProProkat\ProProkat.csproj", "{10891389-11C4-4DFA-90E2-2DA22EF708CC}"
EndProject
Global
	GlobalSection(SolutionConfigurationPlatforms) = preSolution
		Debug|Any CPU = Debug|Any CPU
		Release|Any CPU = Release|Any CPU
	EndGlobalSection
	GlobalSection(ProjectConfigurationPlatforms) = postSolution
		{10891389-11C4-4DFA-90E2-2DA22EF708CC}.Debug|Any CPU.ActiveCfg = Debug|Any CPU
		{10891389-11C4-4DFA-90E2-2DA22EF708CC}.Debug|Any CPU.Build.0 = Debug|Any CPU
		{10891389-11C4-4DFA-90E2-2DA22EF708CC}.Release|Any CPU.ActiveCfg = Release|Any CPU
		{10891389-11C4-4DFA-90E2-2DA22EF708CC}.Release|Any CPU.Build.0 = Release|Any CPU
	EndGlobalSection
	GlobalSection(SolutionProperties) = preSolution
		HideSolutionNode = FALSE
	EndGlobalSection
	GlobalSection(ExtensibilityGlobals) = postSolution
		SolutionGuid = {90321984-52CD-4BE9-99C3-F68AA4C10AE2}
	EndGlobalSection
EndGlobal
